
Microsoft Visual Studio Solution File, Format Version 12.00
# Visual Studio 2012
Project("{FAE04EC0-301F-11D3-BF4B-00C04F79EFBC}") = "GroupDocs.Annotation.Mvc.Sample", "GroupDocs.Annotation.Mvc.Sample\GroupDocs.Annotation.Mvc.Sample.csproj", "{965985E7-B3F3-442F-B1DD-1DFBFE222CC9}"
EndProject
Project("{FAE04EC0-301F-11D3-BF4B-00C04F79EFBC}") = "GroupDocs.Annotation.DataLayer.Sample", "GroupDocs.Annotation.DataLayer.Sample\GroupDocs.Annotation.DataLayer.Sample.csproj", "{42FE51B5-1B19-4959-9E9E-EA2F2DA88DF8}"
EndProject
Project("{2150E333-8FDC-42A3-9474-1A3956D46DE8}") = ".nuget", ".nuget", "{886E71F4-0B5B-4C1D-8E02-33C1360E804F}"
	ProjectSection(SolutionItems) = preProject
		.nuget\NuGet.Config = .nuget\NuGet.Config
		.nuget\NuGet.exe = .nuget\NuGet.exe
		.nuget\NuGet.targets = .nuget\NuGet.targets
	EndProjectSection
EndProject
Global
	GlobalSection(SolutionConfigurationPlatforms) = preSolution
		Debug|Any CPU = Debug|Any CPU
		Release|Any CPU = Release|Any CPU
	EndGlobalSection
	GlobalSection(ProjectConfigurationPlatforms) = postSolution
		{965985E7-B3F3-442F-B1DD-1DFBFE222CC9}.Debug|Any CPU.ActiveCfg = Debug|Any CPU
		{965985E7-B3F3-442F-B1DD-1DFBFE222CC9}.Debug|Any CPU.Build.0 = Debug|Any CPU
		{965985E7-B3F3-442F-B1DD-1DFBFE222CC9}.Release|Any CPU.ActiveCfg = Release|Any CPU
		{965985E7-B3F3-442F-B1DD-1DFBFE222CC9}.Release|Any CPU.Build.0 = Release|Any CPU
		{42FE51B5-1B19-4959-9E9E-EA2F2DA88DF8}.Debug|Any CPU.ActiveCfg = Debug|Any CPU
		{42FE51B5-1B19-4959-9E9E-EA2F2DA88DF8}.Debug|Any CPU.Build.0 = Debug|Any CPU
		{42FE51B5-1B19-4959-9E9E-EA2F2DA88DF8}.Release|Any CPU.ActiveCfg = Release|Any CPU
		{42FE51B5-1B19-4959-9E9E-EA2F2DA88DF8}.Release|Any CPU.Build.0 = Release|Any CPU
	EndGlobalSection
	GlobalSection(SolutionProperties) = preSolution
		HideSolutionNode = FALSE
	EndGlobalSection
EndGlobal
